
Microsoft Visual Studio Solution File, Format Version 12.00
# Visual Studio Version 16
VisualStudioVersion = 16.0.29519.87
MinimumVisualStudioVersion = 10.0.40219.1
Project("{FAE04EC0-301F-11D3-BF4B-00C04F79EFBC}") = "ApiNews", "ApiNews\ApiNews.csproj", "{AD89A847-45D8-453C-9387-D88AAA00520A}"
EndProject
Global
	GlobalSection(SolutionConfigurationPlatforms) = preSolution
		Debug|Any CPU = Debug|Any CPU
		Release|Any CPU = Release|Any CPU
	EndGlobalSection
	GlobalSection(ProjectConfigurationPlatforms) = postSolution
		{AD89A847-45D8-453C-9387-D88AAA00520A}.Debug|Any CPU.ActiveCfg = Debug|Any CPU
		{AD89A847-45D8-453C-9387-D88AAA00520A}.Debug|Any CPU.Build.0 = Debug|Any CPU
		{AD89A847-45D8-453C-9387-D88AAA00520A}.Release|Any CPU.ActiveCfg = Release|Any CPU
		{AD89A847-45D8-453C-9387-D88AAA00520A}.Release|Any CPU.Build.0 = Release|Any CPU
	EndGlobalSection
	GlobalSection(SolutionProperties) = preSolution
		HideSolutionNode = FALSE
	EndGlobalSection
	GlobalSection(ExtensibilityGlobals) = postSolution
		SolutionGuid = {6F47BD4E-3F7C-47E0-8B65-29AF8415D7AF}
	EndGlobalSection
EndGlobal
